
Microsoft Visual Studio Solution File, Format Version 12.00
# Visual Studio 2012
Project("{8BC9CEB8-8B4A-11D0-8D11-00A0C91BC942}") = "designing classes 4", "designing classes 4.vcxproj", "{3E7ADADF-C9B1-4235-8F37-378D4AA89F20}"
EndProject
Global
	GlobalSection(SolutionConfigurationPlatforms) = preSolution
		Debug|Win32 = Debug|Win32
		Release|Win32 = Release|Win32
	EndGlobalSection
	GlobalSection(ProjectConfigurationPlatforms) = postSolution
		{3E7ADADF-C9B1-4235-8F37-378D4AA89F20}.Debug|Win32.ActiveCfg = Debug|Win32
		{3E7ADADF-C9B1-4235-8F37-378D4AA89F20}.Debug|Win32.Build.0 = Debug|Win32
		{3E7ADADF-C9B1-4235-8F37-378D4AA89F20}.Release|Win32.ActiveCfg = Release|Win32
		{3E7ADADF-C9B1-4235-8F37-378D4AA89F20}.Release|Win32.Build.0 = Release|Win32
	EndGlobalSection
	GlobalSection(SolutionProperties) = preSolution
		HideSolutionNode = FALSE
	EndGlobalSection
EndGlobal
